
Microsoft Visual Studio Solution File, Format Version 12.00
# Visual Studio Version 17
VisualStudioVersion = 17.6.33815.320
MinimumVisualStudioVersion = 10.0.40219.1
Project("{FAE04EC0-301F-11D3-BF4B-00C04F79EFBC}") = "VS_to_Github", "VS_to_Github\VS_to_Github.csproj", "{68764F3D-93C5-4726-9581-8304969C7DD5}"
EndProject
Global
	GlobalSection(SolutionConfigurationPlatforms) = preSolution
		Debug|Any CPU = Debug|Any CPU
		Release|Any CPU = Release|Any CPU
	EndGlobalSection
	GlobalSection(ProjectConfigurationPlatforms) = postSolution
		{68764F3D-93C5-4726-9581-8304969C7DD5}.Debug|Any CPU.ActiveCfg = Debug|Any CPU
		{68764F3D-93C5-4726-9581-8304969C7DD5}.Debug|Any CPU.Build.0 = Debug|Any CPU
		{68764F3D-93C5-4726-9581-8304969C7DD5}.Release|Any CPU.ActiveCfg = Release|Any CPU
		{68764F3D-93C5-4726-9581-8304969C7DD5}.Release|Any CPU.Build.0 = Release|Any CPU
	EndGlobalSection
	GlobalSection(SolutionProperties) = preSolution
		HideSolutionNode = FALSE
	EndGlobalSection
	GlobalSection(ExtensibilityGlobals) = postSolution
		SolutionGuid = {405C5494-0A20-4A7D-A15D-1CFBB8E2A6AA}
	EndGlobalSection
EndGlobal
